
Microsoft Visual Studio Solution File, Format Version 12.00
# Visual Studio 14
VisualStudioVersion = 14.0.25420.1
MinimumVisualStudioVersion = 10.0.40219.1
Project("{FAE04EC0-301F-11D3-BF4B-00C04F79EFBC}") = "ProvisioningGlobals", "ProvisioningGlobals\ProvisioningGlobals.csproj", "{42F37640-6554-461E-9C68-74CEA510EB4F}"
EndProject
Project("{2150E333-8FDC-42A3-9474-1A3956D46DE8}") = "Solution Items", "Solution Items", "{2116E641-B69F-4407-838D-541E6D7F4A50}"
	ProjectSection(SolutionItems) = preProject
		README.md = README.md
	EndProjectSection
EndProject
Project("{2150E333-8FDC-42A3-9474-1A3956D46DE8}") = "Images", "Images", "{88D11D2A-95E6-4E79-9E61-24D26061094B}"
	ProjectSection(SolutionItems) = preProject
		Images\ApplyOptions.png = Images\ApplyOptions.png
		Images\ApplyTemplate.png = Images\ApplyTemplate.png
		Images\CreateOptions.png = Images\CreateOptions.png
		Images\CreateProgress.png = Images\CreateProgress.png
		Images\CreateTemplate.png = Images\CreateTemplate.png
		Images\EditStart.png = Images\EditStart.png
		Images\EditTemplateDeleteItems.png = Images\EditTemplateDeleteItems.png
		Images\EditTemplateKeyValue.png = Images\EditTemplateKeyValue.png
		Images\EditTemplateKeyValueNew.png = Images\EditTemplateKeyValueNew.png
		Images\EditTemplateList.png = Images\EditTemplateList.png
		Images\EditTemplateRegionalSettings.png = Images\EditTemplateRegionalSettings.png
		Images\EditTemplateSaved.png = Images\EditTemplateSaved.png
		Images\EditTemplateText.png = Images\EditTemplateText.png
		Images\MainScreen.png = Images\MainScreen.png
		Images\OpenTemplate.png = Images\OpenTemplate.png
		Images\VersionSelect.png = Images\VersionSelect.png
	EndProjectSection
EndProject
Project("{FAE04EC0-301F-11D3-BF4B-00C04F79EFBC}") = "SharePointProvisioningTool", "SharePointProvisioningTool\SharePointProvisioningTool.csproj", "{45553E78-2B44-4C09-9A71-67282E8ABBA1}"
EndProject
Project("{FAE04EC0-301F-11D3-BF4B-00C04F79EFBC}") = "AssemblyLoader", "AssemblyLoader\AssemblyLoader.csproj", "{AAD0918B-98B8-4085-9A84-963FAE0C82BB}"
EndProject
Global
	GlobalSection(SolutionConfigurationPlatforms) = preSolution
		CD_ROM|Any CPU = CD_ROM|Any CPU
		Debug|Any CPU = Debug|Any CPU
		DVD-5|Any CPU = DVD-5|Any CPU
		Release|Any CPU = Release|Any CPU
		SingleImage|Any CPU = SingleImage|Any CPU
	EndGlobalSection
	GlobalSection(ProjectConfigurationPlatforms) = postSolution
		{42F37640-6554-461E-9C68-74CEA510EB4F}.CD_ROM|Any CPU.ActiveCfg = Release|Any CPU
		{42F37640-6554-461E-9C68-74CEA510EB4F}.CD_ROM|Any CPU.Build.0 = Release|Any CPU
		{42F37640-6554-461E-9C68-74CEA510EB4F}.Debug|Any CPU.ActiveCfg = Debug|Any CPU
		{42F37640-6554-461E-9C68-74CEA510EB4F}.Debug|Any CPU.Build.0 = Debug|Any CPU
		{42F37640-6554-461E-9C68-74CEA510EB4F}.DVD-5|Any CPU.ActiveCfg = Debug|Any CPU
		{42F37640-6554-461E-9C68-74CEA510EB4F}.DVD-5|Any CPU.Build.0 = Debug|Any CPU
		{42F37640-6554-461E-9C68-74CEA510EB4F}.Release|Any CPU.ActiveCfg = Release|Any CPU
		{42F37640-6554-461E-9C68-74CEA510EB4F}.Release|Any CPU.Build.0 = Release|Any CPU
		{42F37640-6554-461E-9C68-74CEA510EB4F}.SingleImage|Any CPU.ActiveCfg = Release|Any CPU
		{42F37640-6554-461E-9C68-74CEA510EB4F}.SingleImage|Any CPU.Build.0 = Release|Any CPU
		{45553E78-2B44-4C09-9A71-67282E8ABBA1}.CD_ROM|Any CPU.ActiveCfg = Release|Any CPU
		{45553E78-2B44-4C09-9A71-67282E8ABBA1}.CD_ROM|Any CPU.Build.0 = Release|Any CPU
		{45553E78-2B44-4C09-9A71-67282E8ABBA1}.Debug|Any CPU.ActiveCfg = Debug|Any CPU
		{45553E78-2B44-4C09-9A71-67282E8ABBA1}.Debug|Any CPU.Build.0 = Debug|Any CPU
		{45553E78-2B44-4C09-9A71-67282E8ABBA1}.DVD-5|Any CPU.ActiveCfg = Debug|Any CPU
		{45553E78-2B44-4C09-9A71-67282E8ABBA1}.DVD-5|Any CPU.Build.0 = Debug|Any CPU
		{45553E78-2B44-4C09-9A71-67282E8ABBA1}.Release|Any CPU.ActiveCfg = Release|Any CPU
		{45553E78-2B44-4C09-9A71-67282E8ABBA1}.Release|Any CPU.Build.0 = Release|Any CPU
		{45553E78-2B44-4C09-9A71-67282E8ABBA1}.SingleImage|Any CPU.ActiveCfg = Release|Any CPU
		{45553E78-2B44-4C09-9A71-67282E8ABBA1}.SingleImage|Any CPU.Build.0 = Release|Any CPU
		{AAD0918B-98B8-4085-9A84-963FAE0C82BB}.CD_ROM|Any CPU.ActiveCfg = Release|Any CPU
		{AAD0918B-98B8-4085-9A84-963FAE0C82BB}.CD_ROM|Any CPU.Build.0 = Release|Any CPU
		{AAD0918B-98B8-4085-9A84-963FAE0C82BB}.Debug|Any CPU.ActiveCfg = Debug|Any CPU
		{AAD0918B-98B8-4085-9A84-963FAE0C82BB}.Debug|Any CPU.Build.0 = Debug|Any CPU
		{AAD0918B-98B8-4085-9A84-963FAE0C82BB}.DVD-5|Any CPU.ActiveCfg = Debug|Any CPU
		{AAD0918B-98B8-4085-9A84-963FAE0C82BB}.DVD-5|Any CPU.Build.0 = Debug|Any CPU
		{AAD0918B-98B8-4085-9A84-963FAE0C82BB}.Release|Any CPU.ActiveCfg = Release|Any CPU
		{AAD0918B-98B8-4085-9A84-963FAE0C82BB}.Release|Any CPU.Build.0 = Release|Any CPU
		{AAD0918B-98B8-4085-9A84-963FAE0C82BB}.SingleImage|Any CPU.ActiveCfg = Release|Any CPU
		{AAD0918B-98B8-4085-9A84-963FAE0C82BB}.SingleImage|Any CPU.Build.0 = Release|Any CPU
	EndGlobalSection
	GlobalSection(SolutionProperties) = preSolution
		HideSolutionNode = FALSE
	EndGlobalSection
	GlobalSection(NestedProjects) = preSolution
		{88D11D2A-95E6-4E79-9E61-24D26061094B} = {2116E641-B69F-4407-838D-541E6D7F4A50}
	EndGlobalSection
EndGlobal
